
Microsoft Visual Studio Solution File, Format Version 12.00
# Visual Studio Version 16
VisualStudioVersion = 16.0.34301.259
MinimumVisualStudioVersion = 10.0.40219.1
Project("{FAE04EC0-301F-11D3-BF4B-00C04F79EFBC}") = "CRUD-Login-MVC-WebApp", "CRUD-Login-MVC-WebApp\CRUD-Login-MVC-WebApp.csproj", "{A7082E52-F8E4-4E32-8F1F-ECB30FEED181}"
EndProject
Global
	GlobalSection(SolutionConfigurationPlatforms) = preSolution
		Debug|Any CPU = Debug|Any CPU
		Release|Any CPU = Release|Any CPU
	EndGlobalSection
	GlobalSection(ProjectConfigurationPlatforms) = postSolution
		{A7082E52-F8E4-4E32-8F1F-ECB30FEED181}.Debug|Any CPU.ActiveCfg = Debug|Any CPU
		{A7082E52-F8E4-4E32-8F1F-ECB30FEED181}.Debug|Any CPU.Build.0 = Debug|Any CPU
		{A7082E52-F8E4-4E32-8F1F-ECB30FEED181}.Release|Any CPU.ActiveCfg = Release|Any CPU
		{A7082E52-F8E4-4E32-8F1F-ECB30FEED181}.Release|Any CPU.Build.0 = Release|Any CPU
	EndGlobalSection
	GlobalSection(SolutionProperties) = preSolution
		HideSolutionNode = FALSE
	EndGlobalSection
	GlobalSection(ExtensibilityGlobals) = postSolution
		SolutionGuid = {C0AF0780-C892-437D-AEC6-B0AA223CE0F1}
	EndGlobalSection
EndGlobal
